
Microsoft Visual Studio Solution File, Format Version 12.00
# Visual Studio Version 16
VisualStudioVersion = 16.0.29215.179
MinimumVisualStudioVersion = 10.0.40219.1
Project("{9A19103F-16F7-4668-BE54-9A1E7A4F7556}") = "sfa.Tl.Marketing.Communication", "sfa.Tl.Marketing.Communication\sfa.Tl.Marketing.Communication.csproj", "{C5DD41ED-EC73-4B1F-A83B-BE775E31D1A5}"
EndProject
Project("{9A19103F-16F7-4668-BE54-9A1E7A4F7556}") = "sfa.Tl.Marketing.Communication.DataLoad", "sfa.Tl.Marketing.Communication.DataLoad\sfa.Tl.Marketing.Communication.DataLoad.csproj", "{307748B9-1484-4CEA-B602-843C344B048F}"
EndProject
Global
	GlobalSection(SolutionConfigurationPlatforms) = preSolution
		Debug|Any CPU = Debug|Any CPU
		Release|Any CPU = Release|Any CPU
	EndGlobalSection
	GlobalSection(ProjectConfigurationPlatforms) = postSolution
		{C5DD41ED-EC73-4B1F-A83B-BE775E31D1A5}.Debug|Any CPU.ActiveCfg = Debug|Any CPU
		{C5DD41ED-EC73-4B1F-A83B-BE775E31D1A5}.Debug|Any CPU.Build.0 = Debug|Any CPU
		{C5DD41ED-EC73-4B1F-A83B-BE775E31D1A5}.Release|Any CPU.ActiveCfg = Release|Any CPU
		{C5DD41ED-EC73-4B1F-A83B-BE775E31D1A5}.Release|Any CPU.Build.0 = Release|Any CPU
		{307748B9-1484-4CEA-B602-843C344B048F}.Debug|Any CPU.ActiveCfg = Debug|Any CPU
		{307748B9-1484-4CEA-B602-843C344B048F}.Debug|Any CPU.Build.0 = Debug|Any CPU
		{307748B9-1484-4CEA-B602-843C344B048F}.Release|Any CPU.ActiveCfg = Release|Any CPU
		{307748B9-1484-4CEA-B602-843C344B048F}.Release|Any CPU.Build.0 = Release|Any CPU
	EndGlobalSection
	GlobalSection(SolutionProperties) = preSolution
		HideSolutionNode = FALSE
	EndGlobalSection
	GlobalSection(ExtensibilityGlobals) = postSolution
		SolutionGuid = {53DC62EF-3875-4150-A4D2-ED8A1F34745E}
	EndGlobalSection
EndGlobal
