
Microsoft Visual Studio Solution File, Format Version 12.00
# Visual Studio Version 16
VisualStudioVersion = 16.0.29215.179
MinimumVisualStudioVersion = 10.0.40219.1
Project("{9A19103F-16F7-4668-BE54-9A1E7A4F7556}") = "sfa.Tl.Marketing.Communication", "sfa.Tl.Marketing.Communication\sfa.Tl.Marketing.Communication.csproj", "{C5DD41ED-EC73-4B1F-A83B-BE775E31D1A5}"
EndProject
Project("{9A19103F-16F7-4668-BE54-9A1E7A4F7556}") = "sfa.Tl.Marketing.Communication.DataLoad", "sfa.Tl.Marketing.Communication.DataLoad\sfa.Tl.Marketing.Communication.DataLoad.csproj", "{307748B9-1484-4CEA-B602-843C344B048F}"
EndProject
Project("{2150E333-8FDC-42A3-9474-1A3956D46DE8}") = "Solution Items", "Solution Items", "{A007862C-B507-4A5D-81DB-498AE9C2D6F6}"
	ProjectSection(SolutionItems) = preProject
		NuGet.config = NuGet.config
		README.md = README.md
	EndProjectSection
EndProject
Project("{9A19103F-16F7-4668-BE54-9A1E7A4F7556}") = "sfa.Tl.Marketing.Communication.Application", "sfa.Tl.Marketing.Communication.Application\sfa.Tl.Marketing.Communication.Application.csproj", "{E85F07E7-5FF6-42CC-9537-CA9C19A0A5B9}"
EndProject
Project("{9A19103F-16F7-4668-BE54-9A1E7A4F7556}") = "sfa.Tl.Marketing.Communication.Models", "sfa.Tl.Marketing.Communication.Models\sfa.Tl.Marketing.Communication.Models.csproj", "{693FC029-D644-41AD-8723-921499C6FBCC}"
EndProject
Project("{2150E333-8FDC-42A3-9474-1A3956D46DE8}") = "Tests", "Tests", "{C128B70E-3F04-4E97-8DD6-A6DFA04E9DC9}"
EndProject
Project("{9A19103F-16F7-4668-BE54-9A1E7A4F7556}") = "sfa.Tl.Marketing.Communication.Functions", "sfa.Tl.Marketing.Communication.Functions\sfa.Tl.Marketing.Communication.Functions.csproj", "{E45114BD-72EF-4E6E-B5AC-3DA26BFD3408}"
EndProject
Project("{FAE04EC0-301F-11D3-BF4B-00C04F79EFBC}") = "sfa.Tl.Marketing.Communication.Data", "sfa.Tl.Marketing.Communication.Data\sfa.Tl.Marketing.Communication.Data.csproj", "{BD5DD1F1-2BE2-45C7-9322-A1D0E0DFAF20}"
EndProject
Project("{FAE04EC0-301F-11D3-BF4B-00C04F79EFBC}") = "sfa.Tl.Marketing.Communication.Data.UnitTests", "Tests\sfa.Tl.Marketing.Communication.Data.UnitTests\sfa.Tl.Marketing.Communication.Data.UnitTests.csproj", "{F2BA6594-BA72-454B-B32C-BBED4E838B93}"
EndProject
Project("{9A19103F-16F7-4668-BE54-9A1E7A4F7556}") = "sfa.Tl.Marketing.Communication.Functions.UnitTests", "Tests\sfa.Tl.Marketing.Communication.Functions.UnitTests\sfa.Tl.Marketing.Communication.Functions.UnitTests.csproj", "{427EEBF6-565F-401C-A55F-F9311E03E56F}"
EndProject
Project("{9A19103F-16F7-4668-BE54-9A1E7A4F7556}") = "sfa.Tl.Marketing.Communication.IntegrationTests", "Tests\sfa.Tl.Marketing.Communication.IntegrationTests\sfa.Tl.Marketing.Communication.IntegrationTests.csproj", "{319002A0-B727-44F9-95B1-4B8F7395247D}"
EndProject
Project("{9A19103F-16F7-4668-BE54-9A1E7A4F7556}") = "sfa.Tl.Marketing.Communication.UnitTests", "Tests\sfa.Tl.Marketing.Communication.Tests\sfa.Tl.Marketing.Communication.UnitTests.csproj", "{ACADDEFC-B384-46B3-A194-7054D19CCD51}"
EndProject
Global
	GlobalSection(SolutionConfigurationPlatforms) = preSolution
		Debug|Any CPU = Debug|Any CPU
		Release|Any CPU = Release|Any CPU
	EndGlobalSection
	GlobalSection(ProjectConfigurationPlatforms) = postSolution
		{C5DD41ED-EC73-4B1F-A83B-BE775E31D1A5}.Debug|Any CPU.ActiveCfg = Debug|Any CPU
		{C5DD41ED-EC73-4B1F-A83B-BE775E31D1A5}.Debug|Any CPU.Build.0 = Debug|Any CPU
		{C5DD41ED-EC73-4B1F-A83B-BE775E31D1A5}.Release|Any CPU.ActiveCfg = Release|Any CPU
		{C5DD41ED-EC73-4B1F-A83B-BE775E31D1A5}.Release|Any CPU.Build.0 = Release|Any CPU
		{307748B9-1484-4CEA-B602-843C344B048F}.Debug|Any CPU.ActiveCfg = Debug|Any CPU
		{307748B9-1484-4CEA-B602-843C344B048F}.Debug|Any CPU.Build.0 = Debug|Any CPU
		{307748B9-1484-4CEA-B602-843C344B048F}.Release|Any CPU.ActiveCfg = Release|Any CPU
		{307748B9-1484-4CEA-B602-843C344B048F}.Release|Any CPU.Build.0 = Release|Any CPU
		{E85F07E7-5FF6-42CC-9537-CA9C19A0A5B9}.Debug|Any CPU.ActiveCfg = Debug|Any CPU
		{E85F07E7-5FF6-42CC-9537-CA9C19A0A5B9}.Debug|Any CPU.Build.0 = Debug|Any CPU
		{E85F07E7-5FF6-42CC-9537-CA9C19A0A5B9}.Release|Any CPU.ActiveCfg = Release|Any CPU
		{E85F07E7-5FF6-42CC-9537-CA9C19A0A5B9}.Release|Any CPU.Build.0 = Release|Any CPU
		{693FC029-D644-41AD-8723-921499C6FBCC}.Debug|Any CPU.ActiveCfg = Debug|Any CPU
		{693FC029-D644-41AD-8723-921499C6FBCC}.Debug|Any CPU.Build.0 = Debug|Any CPU
		{693FC029-D644-41AD-8723-921499C6FBCC}.Release|Any CPU.ActiveCfg = Release|Any CPU
		{693FC029-D644-41AD-8723-921499C6FBCC}.Release|Any CPU.Build.0 = Release|Any CPU
		{E45114BD-72EF-4E6E-B5AC-3DA26BFD3408}.Debug|Any CPU.ActiveCfg = Debug|Any CPU
		{E45114BD-72EF-4E6E-B5AC-3DA26BFD3408}.Debug|Any CPU.Build.0 = Debug|Any CPU
		{E45114BD-72EF-4E6E-B5AC-3DA26BFD3408}.Release|Any CPU.ActiveCfg = Release|Any CPU
		{E45114BD-72EF-4E6E-B5AC-3DA26BFD3408}.Release|Any CPU.Build.0 = Release|Any CPU
		{BD5DD1F1-2BE2-45C7-9322-A1D0E0DFAF20}.Debug|Any CPU.ActiveCfg = Debug|Any CPU
		{BD5DD1F1-2BE2-45C7-9322-A1D0E0DFAF20}.Debug|Any CPU.Build.0 = Debug|Any CPU
		{BD5DD1F1-2BE2-45C7-9322-A1D0E0DFAF20}.Release|Any CPU.ActiveCfg = Release|Any CPU
		{BD5DD1F1-2BE2-45C7-9322-A1D0E0DFAF20}.Release|Any CPU.Build.0 = Release|Any CPU
		{F2BA6594-BA72-454B-B32C-BBED4E838B93}.Debug|Any CPU.ActiveCfg = Debug|Any CPU
		{F2BA6594-BA72-454B-B32C-BBED4E838B93}.Debug|Any CPU.Build.0 = Debug|Any CPU
		{F2BA6594-BA72-454B-B32C-BBED4E838B93}.Release|Any CPU.ActiveCfg = Release|Any CPU
		{F2BA6594-BA72-454B-B32C-BBED4E838B93}.Release|Any CPU.Build.0 = Release|Any CPU
		{427EEBF6-565F-401C-A55F-F9311E03E56F}.Debug|Any CPU.ActiveCfg = Debug|Any CPU
		{427EEBF6-565F-401C-A55F-F9311E03E56F}.Debug|Any CPU.Build.0 = Debug|Any CPU
		{427EEBF6-565F-401C-A55F-F9311E03E56F}.Release|Any CPU.ActiveCfg = Release|Any CPU
		{427EEBF6-565F-401C-A55F-F9311E03E56F}.Release|Any CPU.Build.0 = Release|Any CPU
		{319002A0-B727-44F9-95B1-4B8F7395247D}.Debug|Any CPU.ActiveCfg = Debug|Any CPU
		{319002A0-B727-44F9-95B1-4B8F7395247D}.Debug|Any CPU.Build.0 = Debug|Any CPU
		{319002A0-B727-44F9-95B1-4B8F7395247D}.Release|Any CPU.ActiveCfg = Release|Any CPU
		{319002A0-B727-44F9-95B1-4B8F7395247D}.Release|Any CPU.Build.0 = Release|Any CPU
		{ACADDEFC-B384-46B3-A194-7054D19CCD51}.Debug|Any CPU.ActiveCfg = Debug|Any CPU
		{ACADDEFC-B384-46B3-A194-7054D19CCD51}.Debug|Any CPU.Build.0 = Debug|Any CPU
		{ACADDEFC-B384-46B3-A194-7054D19CCD51}.Release|Any CPU.ActiveCfg = Release|Any CPU
		{ACADDEFC-B384-46B3-A194-7054D19CCD51}.Release|Any CPU.Build.0 = Release|Any CPU
	EndGlobalSection
	GlobalSection(SolutionProperties) = preSolution
		HideSolutionNode = FALSE
	EndGlobalSection
	GlobalSection(NestedProjects) = preSolution
		{F2BA6594-BA72-454B-B32C-BBED4E838B93} = {C128B70E-3F04-4E97-8DD6-A6DFA04E9DC9}
		{427EEBF6-565F-401C-A55F-F9311E03E56F} = {C128B70E-3F04-4E97-8DD6-A6DFA04E9DC9}
		{319002A0-B727-44F9-95B1-4B8F7395247D} = {C128B70E-3F04-4E97-8DD6-A6DFA04E9DC9}
		{ACADDEFC-B384-46B3-A194-7054D19CCD51} = {C128B70E-3F04-4E97-8DD6-A6DFA04E9DC9}
	EndGlobalSection
	GlobalSection(ExtensibilityGlobals) = postSolution
		SolutionGuid = {53DC62EF-3875-4150-A4D2-ED8A1F34745E}
	EndGlobalSection
EndGlobal
